
Microsoft Visual Studio Solution File, Format Version 12.00
# Visual Studio Version 17
VisualStudioVersion = 17.5.002.0
MinimumVisualStudioVersion = 10.0.40219.1
Project("{9A19103F-16F7-4668-BE54-9A1E7A4F7556}") = "Outgo-tracker-backend", "Outgo-tracker-backend.csproj", "{0804CD97-BC5B-43D3-B237-47F322AD0477}"
EndProject
Global
	GlobalSection(SolutionConfigurationPlatforms) = preSolution
		Debug|Any CPU = Debug|Any CPU
		Release|Any CPU = Release|Any CPU
	EndGlobalSection
	GlobalSection(ProjectConfigurationPlatforms) = postSolution
		{0804CD97-BC5B-43D3-B237-47F322AD0477}.Debug|Any CPU.ActiveCfg = Debug|Any CPU
		{0804CD97-BC5B-43D3-B237-47F322AD0477}.Debug|Any CPU.Build.0 = Debug|Any CPU
		{0804CD97-BC5B-43D3-B237-47F322AD0477}.Release|Any CPU.ActiveCfg = Release|Any CPU
		{0804CD97-BC5B-43D3-B237-47F322AD0477}.Release|Any CPU.Build.0 = Release|Any CPU
	EndGlobalSection
	GlobalSection(SolutionProperties) = preSolution
		HideSolutionNode = FALSE
	EndGlobalSection
	GlobalSection(ExtensibilityGlobals) = postSolution
		SolutionGuid = {BFDBA312-6139-459B-A1C4-EB7DF2C3049A}
	EndGlobalSection
EndGlobal
